{
  "originHash" : "5b0d51e65c606a50a8f30b78f341f39c399edd54741d447bb6d5d48625de2d73",
  "pins" : [
    {
      "identity" : "ansi",
      "kind" : "remoteSourceControl",
      "location" : "https://github.com/leviouwendijk/ANSI.git",
      "state" : {
        "branch" : "master",
        "revision" : "073d9ca7870b688a312608acf14eae6ba052c0d6"
      }
    },
    {
      "identity" : "arguments",
      "kind" : "remoteSourceControl",
      "location" : "https://github.com/leviouwendijk/Arguments.git",
      "state" : {
        "branch" : "master",
        "revision" : "d4ea1ad418c54380fde04cefacf5d59fa90054ba"
      }
    },
    {
      "identity" : "atomos",
      "kind" : "remoteSourceControl",
      "location" : "https://github.com/leviouwendijk/Atomos.git",
      "state" : {
        "branch" : "master",
        "revision" : "dc4e596e6a5396849b58c38036c677fd905d59f0"
      }
    },
    {
      "identity" : "clipboard",
      "kind" : "remoteSourceControl",
      "location" : "https://github.com/leviouwendijk/Clipboard",
      "state" : {
        "branch" : "master",
        "revision" : "01f5f9aa53fe3dd2cb3e227117e4a850e4be05c6"
      }
    },
    {
      "identity" : "difference",
      "kind" : "remoteSourceControl",
      "location" : "https://github.com/leviouwendijk/Difference.git",
      "state" : {
        "branch" : "master",
        "revision" : "1938bd3531e7d4c9476b67d10d052375f24c41e3"
      }
    },
    {
      "identity" : "dsl",
      "kind" : "remoteSourceControl",
      "location" : "https://github.com/leviouwendijk/DSL",
      "state" : {
        "branch" : "master",
        "revision" : "30ec6798f883b91f697d060bb001e0e4f7a09225"
      }
    },
    {
      "identity" : "excerpt",
      "kind" : "remoteSourceControl",
      "location" : "https://github.com/leviouwendijk/Excerpt.git",
      "state" : {
        "branch" : "master",
        "revision" : "9369604e8cfe761588003c61ed849462ca8fb14e"
      }
    },
    {
      "identity" : "position",
      "kind" : "remoteSourceControl",
      "location" : "https://github.com/leviouwendijk/Position.git",
      "state" : {
        "branch" : "master",
        "revision" : "491376735af3ef7417b989e38c508577fb72637a"
      }
    },
    {
      "identity" : "primitives",
      "kind" : "remoteSourceControl",
      "location" : "https://github.com/leviouwendijk/Primitives.git",
      "state" : {
        "branch" : "master",
        "revision" : "a0b4ce574e7012a737b6e759b2d57bd1df4e3fa9"
      }
    },
    {
      "identity" : "strings",
      "kind" : "remoteSourceControl",
      "location" : "https://github.com/leviouwendijk/Strings",
      "state" : {
        "branch" : "master",
        "revision" : "86a939d7bbb3e25808f88fbcedcee4069a5a5ae1"
      }
    },
    {
      "identity" : "terminal",
      "kind" : "remoteSourceControl",
      "location" : "https://github.com/leviouwendijk/Terminal.git",
      "state" : {
        "branch" : "master",
        "revision" : "269258eea726dc92d563f84cf0e53879c22e5e50"
      }
    },
    {
      "identity" : "testing",
      "kind" : "remoteSourceControl",
      "location" : "https://github.com/leviouwendijk/Testing.git",
      "state" : {
        "branch" : "master",
        "revision" : "257442d3335223923aac92ccc41aed66b897a07e"
      }
    }
  ],
  "version" : 3
}
